{
  "name": "pdm",
  "version": "1.0.0",
  "lockfileVersion": 1,
  "requires": true,
  "dependencies": {
    "bar": {
      "version": "0.1.2",
      "resolved": "https://registry.npmjs.org/bar/-/bar-0.1.2.tgz",
      "integrity": "sha1-7DbYDF/qERH+HjLJ2zimEFMiUVU=",
      "requires": {
        "optimist": "~ 0.2.4",
        "watch": "~ 0.3.2"
      }
    },
    "optimist": {
      "version": "0.2.8",
      "resolved": "https://registry.npmjs.org/optimist/-/optimist-0.2.8.tgz",
      "integrity": "sha1-6YGrfiaLRXlIWTtVZ0wJmoFcrDE=",
      "requires": {
        "wordwrap": ">=0.0.1 <0.1.0"
      }
    },
    "watch": {
      "version": "0.3.3",
      "resolved": "https://registry.npmjs.org/watch/-/watch-0.3.3.tgz",
      "integrity": "sha1-Kqd2cW7UY0ZNuqLC5PnGrKHi+jw="
    },
    "wordwrap": {
      "version": "0.0.3",
      "resolved": "https://registry.npmjs.org/wordwrap/-/wordwrap-0.0.3.tgz",
      "integrity": "sha1-o9XabNXAvAAI03I0u68b7WMFkQc="
    }
  }
}
